
Microsoft Visual Studio Solution File, Format Version 12.00
# Visual Studio Version 17
VisualStudioVersion = 17.6.33815.320
MinimumVisualStudioVersion = 10.0.40219.1
Project("{FAE04EC0-301F-11D3-BF4B-00C04F79EFBC}") = "Northwind.Entities", "Northwind.Entities\Northwind.Entities.csproj", "{75945A8E-14A9-40C3-8B4F-CC0B6896D6AD}"
EndProject
Project("{FAE04EC0-301F-11D3-BF4B-00C04F79EFBC}") = "Northwind.Business", "Northwind.Business\Northwind.Business.csproj", "{8580B218-90D4-4126-B7D3-4A3623C100B2}"
EndProject
Project("{FAE04EC0-301F-11D3-BF4B-00C04F79EFBC}") = "Northwind.DataAccess", "Northwind.DataAccess\Northwind.DataAccess.csproj", "{0B2DFD48-C775-4E78-A533-AF46AD0DE09E}"
EndProject
Project("{FAE04EC0-301F-11D3-BF4B-00C04F79EFBC}") = "Northwind.WebFormsUI", "Northwind.WebFormsUI\Northwind.WebFormsUI.csproj", "{12AE1F41-FCDC-4C29-8114-99B15928F899}"
EndProject
Global
	GlobalSection(SolutionConfigurationPlatforms) = preSolution
		Debug|Any CPU = Debug|Any CPU
		Release|Any CPU = Release|Any CPU
	EndGlobalSection
	GlobalSection(ProjectConfigurationPlatforms) = postSolution
		{75945A8E-14A9-40C3-8B4F-CC0B6896D6AD}.Debug|Any CPU.ActiveCfg = Debug|Any CPU
		{75945A8E-14A9-40C3-8B4F-CC0B6896D6AD}.Debug|Any CPU.Build.0 = Debug|Any CPU
		{75945A8E-14A9-40C3-8B4F-CC0B6896D6AD}.Release|Any CPU.ActiveCfg = Release|Any CPU
		{75945A8E-14A9-40C3-8B4F-CC0B6896D6AD}.Release|Any CPU.Build.0 = Release|Any CPU
		{8580B218-90D4-4126-B7D3-4A3623C100B2}.Debug|Any CPU.ActiveCfg = Debug|Any CPU
		{8580B218-90D4-4126-B7D3-4A3623C100B2}.Debug|Any CPU.Build.0 = Debug|Any CPU
		{8580B218-90D4-4126-B7D3-4A3623C100B2}.Release|Any CPU.ActiveCfg = Release|Any CPU
		{8580B218-90D4-4126-B7D3-4A3623C100B2}.Release|Any CPU.Build.0 = Release|Any CPU
		{0B2DFD48-C775-4E78-A533-AF46AD0DE09E}.Debug|Any CPU.ActiveCfg = Debug|Any CPU
		{0B2DFD48-C775-4E78-A533-AF46AD0DE09E}.Debug|Any CPU.Build.0 = Debug|Any CPU
		{0B2DFD48-C775-4E78-A533-AF46AD0DE09E}.Release|Any CPU.ActiveCfg = Release|Any CPU
		{0B2DFD48-C775-4E78-A533-AF46AD0DE09E}.Release|Any CPU.Build.0 = Release|Any CPU
		{12AE1F41-FCDC-4C29-8114-99B15928F899}.Debug|Any CPU.ActiveCfg = Debug|Any CPU
		{12AE1F41-FCDC-4C29-8114-99B15928F899}.Debug|Any CPU.Build.0 = Debug|Any CPU
		{12AE1F41-FCDC-4C29-8114-99B15928F899}.Release|Any CPU.ActiveCfg = Release|Any CPU
		{12AE1F41-FCDC-4C29-8114-99B15928F899}.Release|Any CPU.Build.0 = Release|Any CPU
	EndGlobalSection
	GlobalSection(SolutionProperties) = preSolution
		HideSolutionNode = FALSE
	EndGlobalSection
	GlobalSection(ExtensibilityGlobals) = postSolution
		SolutionGuid = {B676BB6D-ACA5-43D3-A840-393BDDE2C84A}
	EndGlobalSection
EndGlobal
